
Microsoft Visual Studio Solution File, Format Version 12.00
# Visual Studio 15
VisualStudioVersion = 15.0.28307.136
MinimumVisualStudioVersion = 10.0.40219.1
Project("{FAE04EC0-301F-11D3-BF4B-00C04F79EFBC}") = "MusicApp", "MusicApp\MusicApp.csproj", "{1C42B607-A3C2-4507-8FDB-D3EF0EEBD426}"
EndProject
Global
	GlobalSection(SolutionConfigurationPlatforms) = preSolution
		Debug|Any CPU = Debug|Any CPU
		Release|Any CPU = Release|Any CPU
	EndGlobalSection
	GlobalSection(ProjectConfigurationPlatforms) = postSolution
		{1C42B607-A3C2-4507-8FDB-D3EF0EEBD426}.Debug|Any CPU.ActiveCfg = Debug|Any CPU
		{1C42B607-A3C2-4507-8FDB-D3EF0EEBD426}.Debug|Any CPU.Build.0 = Debug|Any CPU
		{1C42B607-A3C2-4507-8FDB-D3EF0EEBD426}.Release|Any CPU.ActiveCfg = Release|Any CPU
		{1C42B607-A3C2-4507-8FDB-D3EF0EEBD426}.Release|Any CPU.Build.0 = Release|Any CPU
	EndGlobalSection
	GlobalSection(SolutionProperties) = preSolution
		HideSolutionNode = FALSE
	EndGlobalSection
	GlobalSection(ExtensibilityGlobals) = postSolution
		SolutionGuid = {AD1139B3-CA88-49BE-835D-8152E5176ADF}
	EndGlobalSection
EndGlobal
